{
  "name": "vue",
  "version": "1.0.0",
  "lockfileVersion": 1,
  "requires": true,
  "dependencies": {
    "@vue/reactivity": {
      "version": "3.0.0-rc.5",
      "resolved": "http://r.tnpm.oa.com/@vue/reactivity/download/@vue/reactivity-3.0.0-rc.5.tgz",
      "integrity": "sha1-Rc/42DnXrRMLHkmSOQkAUP3s/xM=",
      "requires": {
        "@vue/shared": "3.0.0-rc.5"
      }
    },
    "@vue/shared": {
      "version": "3.0.0-rc.5",
      "resolved": "http://r.tnpm.oa.com/@vue/shared/download/@vue/shared-3.0.0-rc.5.tgz",
      "integrity": "sha1-zqI3jj43Nj3cH13RWO3JybWz//A="
    }
  }
}
